// !$*UTF8*$!
{
	archiveVersion = 1;
	classes = {
	};
	objectVersion = 56;
	objects = {

/* Begin PBXBuildFile section */
		B344CBBF2BFF786000C38241 /* patsSound.wav in Resources */ = {isa = PBXBuildFile; fileRef = B344CBBE2BFF786000C38241 /* patsSound.wav */; };
		B344CBC12BFF786C00C38241 /* chefSpatSound.wav in Resources */ = {isa = PBXBuildFile; fileRef = B344CBC02BFF786C00C38241 /* chefSpatSound.wav */; };
		B344CBC52BFFA06900C38241 /* WinScene.swift in Sources */ = {isa = PBXBuildFile; fileRef = B344CBC42BFFA06900C38241 /* WinScene.swift */; };
		B36859FD2BF8BAB30076986F /* arco.otf in Resources */ = {isa = PBXBuildFile; fileRef = B36859FC2BF8BAB30076986F /* arco.otf */; };
		B3685A002BF8BFF60076986F /* IntroConversation.swift in Sources */ = {isa = PBXBuildFile; fileRef = B36859FF2BF8BFF60076986F /* IntroConversation.swift */; };
		B3685A022BF8C61E0076986F /* TypingTextView.swift in Sources */ = {isa = PBXBuildFile; fileRef = B3685A012BF8C61E0076986F /* TypingTextView.swift */; };
		B3685A042BFAF0200076986F /* BeaconManager.swift in Sources */ = {isa = PBXBuildFile; fileRef = B3685A032BFAF0200076986F /* BeaconManager.swift */; };
		B3685A262BFB1CD90076986F /* MotionManager.swift in Sources */ = {isa = PBXBuildFile; fileRef = B3685A252BFB1CD90076986F /* MotionManager.swift */; };
		B38FB2D02BFC75850043060B /* MusicManager.swift in Sources */ = {isa = PBXBuildFile; fileRef = B38FB2CF2BFC75850043060B /* MusicManager.swift */; };
		B38FB2D32BFC7F500043060B /* backgroundMusic.mp3 in Resources */ = {isa = PBXBuildFile; fileRef = B38FB2D22BFC7F500043060B /* backgroundMusic.mp3 */; };
		B38FB2D52BFC8DD60043060B /* tutorialMusic.mp3 in Resources */ = {isa = PBXBuildFile; fileRef = B38FB2D42BFC8DD60043060B /* tutorialMusic.mp3 */; };
		B38FB2D72BFC95E10043060B /* SoundManager.swift in Sources */ = {isa = PBXBuildFile; fileRef = B38FB2D62BFC95E10043060B /* SoundManager.swift */; };
		B38FB2DF2BFDF67E0043060B /* LostScene.swift in Sources */ = {isa = PBXBuildFile; fileRef = B38FB2DE2BFDF67E0043060B /* LostScene.swift */; };
		B38FB2E12BFDF9F30043060B /* Countdown.swift in Sources */ = {isa = PBXBuildFile; fileRef = B38FB2E02BFDF9F30043060B /* Countdown.swift */; };
		B38FB2E32BFDFA230043060B /* Misal.swift in Sources */ = {isa = PBXBuildFile; fileRef = B38FB2E22BFDFA230043060B /* Misal.swift */; };
		B38FB2E52BFE0A060043060B /* TutorialView.swift in Sources */ = {isa = PBXBuildFile; fileRef = B38FB2E42BFE0A060043060B /* TutorialView.swift */; };
		B38FB2E72BFF50C00043060B /* MainGameplay.swift in Sources */ = {isa = PBXBuildFile; fileRef = B38FB2E62BFF50C00043060B /* MainGameplay.swift */; };
		B3D357142BF7B56600460C8A /* TutorialStoryView.swift in Sources */ = {isa = PBXBuildFile; fileRef = B3D357132BF7B56600460C8A /* TutorialStoryView.swift */; };
		B3D3571A2BF7C18200460C8A /* GameplayView.swift in Sources */ = {isa = PBXBuildFile; fileRef = B3D357192BF7C18200460C8A /* GameplayView.swift */; };
		B3D3571E2BF8B4DD00460C8A /* comfortaa.ttf in Resources */ = {isa = PBXBuildFile; fileRef = B3D3571D2BF8B4DD00460C8A /* comfortaa.ttf */; };
		B3D357212BF8B80600460C8A /* ARCO.ttf in Resources */ = {isa = PBXBuildFile; fileRef = B3D357202BF8B80600460C8A /* ARCO.ttf */; };
		B3F63E282BF7A20900B242F6 /* PassThePastaApp.swift in Sources */ = {isa = PBXBuildFile; fileRef = B3F63E272BF7A20900B242F6 /* PassThePastaApp.swift */; };
		B3F63E2A2BF7A20900B242F6 /* ContentView.swift in Sources */ = {isa = PBXBuildFile; fileRef = B3F63E292BF7A20900B242F6 /* ContentView.swift */; };
		B3F63E2C2BF7A20A00B242F6 /* Assets.xcassets in Resources */ = {isa = PBXBuildFile; fileRef = B3F63E2B2BF7A20A00B242F6 /* Assets.xcassets */; };
		B3F63E2F2BF7A20A00B242F6 /* Preview Assets.xcassets in Resources */ = {isa = PBXBuildFile; fileRef = B3F63E2E2BF7A20A00B242F6 /* Preview Assets.xcassets */; };
		B3F63E372BF7AFED00B242F6 /* StartPage.swift in Sources */ = {isa = PBXBuildFile; fileRef = B3F63E362BF7AFED00B242F6 /* StartPage.swift */; };
/* End PBXBuildFile section */

/* Begin PBXFileReference section */
		B344CBBE2BFF786000C38241 /* patsSound.wav */ = {isa = PBXFileReference; lastKnownFileType = audio.wav; path = patsSound.wav; sourceTree = "<group>"; };
		B344CBC02BFF786C00C38241 /* chefSpatSound.wav */ = {isa = PBXFileReference; lastKnownFileType = audio.wav; path = chefSpatSound.wav; sourceTree = "<group>"; };
		B344CBC42BFFA06900C38241 /* WinScene.swift */ = {isa = PBXFileReference; lastKnownFileType = sourcecode.swift; path = WinScene.swift; sourceTree = "<group>"; };
		B36859FC2BF8BAB30076986F /* arco.otf */ = {isa = PBXFileReference; lastKnownFileType = file; name = arco.otf; path = ../../../../../Downloads/arco/arco.otf; sourceTree = "<group>"; };
		B36859FF2BF8BFF60076986F /* IntroConversation.swift */ = {isa = PBXFileReference; lastKnownFileType = sourcecode.swift; path = IntroConversation.swift; sourceTree = "<group>"; };
		B3685A012BF8C61E0076986F /* TypingTextView.swift */ = {isa = PBXFileReference; lastKnownFileType = sourcecode.swift; path = TypingTextView.swift; sourceTree = "<group>"; };
		B3685A032BFAF0200076986F /* BeaconManager.swift */ = {isa = PBXFileReference; lastKnownFileType = sourcecode.swift; path = BeaconManager.swift; sourceTree = "<group>"; };
		B3685A252BFB1CD90076986F /* MotionManager.swift */ = {isa = PBXFileReference; lastKnownFileType = sourcecode.swift; path = MotionManager.swift; sourceTree = "<group>"; };
		B38FB2CF2BFC75850043060B /* MusicManager.swift */ = {isa = PBXFileReference; lastKnownFileType = sourcecode.swift; path = MusicManager.swift; sourceTree = "<group>"; };
		B38FB2D22BFC7F500043060B /* backgroundMusic.mp3 */ = {isa = PBXFileReference; lastKnownFileType = audio.mp3; name = backgroundMusic.mp3; path = ../../../../../Downloads/backgroundMusic.mp3; sourceTree = "<group>"; };
		B38FB2D42BFC8DD60043060B /* tutorialMusic.mp3 */ = {isa = PBXFileReference; lastKnownFileType = audio.mp3; name = tutorialMusic.mp3; path = ../../../../../Downloads/tutorialMusic.mp3; sourceTree = "<group>"; };
		B38FB2D62BFC95E10043060B /* SoundManager.swift */ = {isa = PBXFileReference; lastKnownFileType = sourcecode.swift; path = SoundManager.swift; sourceTree = "<group>"; };
		B38FB2DE2BFDF67E0043060B /* LostScene.swift */ = {isa = PBXFileReference; lastKnownFileType = sourcecode.swift; path = LostScene.swift; sourceTree = "<group>"; };
		B38FB2E02BFDF9F30043060B /* Countdown.swift */ = {isa = PBXFileReference; lastKnownFileType = sourcecode.swift; path = Countdown.swift; sourceTree = "<group>"; };
		B38FB2E22BFDFA230043060B /* Misal.swift */ = {isa = PBXFileReference; lastKnownFileType = sourcecode.swift; path = Misal.swift; sourceTree = "<group>"; };
		B38FB2E42BFE0A060043060B /* TutorialView.swift */ = {isa = PBXFileReference; lastKnownFileType = sourcecode.swift; path = TutorialView.swift; sourceTree = "<group>"; };
		B38FB2E62BFF50C00043060B /* MainGameplay.swift */ = {isa = PBXFileReference; lastKnownFileType = sourcecode.swift; path = MainGameplay.swift; sourceTree = "<group>"; };
		B3D357132BF7B56600460C8A /* TutorialStoryView.swift */ = {isa = PBXFileReference; lastKnownFileType = sourcecode.swift; path = TutorialStoryView.swift; sourceTree = "<group>"; };
		B3D357192BF7C18200460C8A /* GameplayView.swift */ = {isa = PBXFileReference; lastKnownFileType = sourcecode.swift; path = GameplayView.swift; sourceTree = "<group>"; };
		B3D3571D2BF8B4DD00460C8A /* comfortaa.ttf */ = {isa = PBXFileReference; lastKnownFileType = file; name = comfortaa.ttf; path = ../../../../../Downloads/Comfortaa/comfortaa.ttf; sourceTree = "<group>"; };
		B3D3571F2BF8B4EF00460C8A /* Info.plist */ = {isa = PBXFileReference; lastKnownFileType = text.plist; path = Info.plist; sourceTree = "<group>"; };
		B3D357202BF8B80600460C8A /* ARCO.ttf */ = {isa = PBXFileReference; lastKnownFileType = file; name = ARCO.ttf; path = ../../../../../Downloads/arco/ARCO.ttf; sourceTree = "<group>"; };
		B3F63E242BF7A20900B242F6 /* PassThePasta.app */ = {isa = PBXFileReference; explicitFileType = wrapper.application; includeInIndex = 0; path = PassThePasta.app; sourceTree = BUILT_PRODUCTS_DIR; };
		B3F63E272BF7A20900B242F6 /* PassThePastaApp.swift */ = {isa = PBXFileReference; lastKnownFileType = sourcecode.swift; path = PassThePastaApp.swift; sourceTree = "<group>"; };
		B3F63E292BF7A20900B242F6 /* ContentView.swift */ = {isa = PBXFileReference; lastKnownFileType = sourcecode.swift; path = ContentView.swift; sourceTree = "<group>"; };
		B3F63E2B2BF7A20A00B242F6 /* Assets.xcassets */ = {isa = PBXFileReference; lastKnownFileType = folder.assetcatalog; path = Assets.xcassets; sourceTree = "<group>"; };
		B3F63E2E2BF7A20A00B242F6 /* Preview Assets.xcassets */ = {isa = PBXFileReference; lastKnownFileType = folder.assetcatalog; path = "Preview Assets.xcassets"; sourceTree = "<group>"; };
		B3F63E362BF7AFED00B242F6 /* StartPage.swift */ = {isa = PBXFileReference; lastKnownFileType = sourcecode.swift; path = StartPage.swift; sourceTree = "<group>"; };
/* End PBXFileReference section */

/* Begin PBXFrameworksBuildPhase section */
		B3F63E212BF7A20900B242F6 /* Frameworks */ = {
			isa = PBXFrameworksBuildPhase;
			buildActionMask = 2147483647;
			files = (
			);
			runOnlyForDeploymentPostprocessing = 0;
		};
/* End PBXFrameworksBuildPhase section */

/* Begin PBXGroup section */
		B36859FE2BF8BFCE0076986F /* Struct */ = {
			isa = PBXGroup;
			children = (
				B36859FF2BF8BFF60076986F /* IntroConversation.swift */,
				B3685A012BF8C61E0076986F /* TypingTextView.swift */,
				B3685A032BFAF0200076986F /* BeaconManager.swift */,
				B3685A252BFB1CD90076986F /* MotionManager.swift */,
				B38FB2CF2BFC75850043060B /* MusicManager.swift */,
				B38FB2D62BFC95E10043060B /* SoundManager.swift */,
			);
			path = Struct;
			sourceTree = "<group>";
		};
		B38FB2D12BFC7F350043060B /* Music */ = {
			isa = PBXGroup;
			children = (
				B38FB2D22BFC7F500043060B /* backgroundMusic.mp3 */,
				B38FB2D42BFC8DD60043060B /* tutorialMusic.mp3 */,
				B344CBBE2BFF786000C38241 /* patsSound.wav */,
				B344CBC02BFF786C00C38241 /* chefSpatSound.wav */,
			);
			path = Music;
			sourceTree = "<group>";
		};
		B3D3571C2BF8B4C500460C8A /* Font */ = {
			isa = PBXGroup;
			children = (
				B3D3571D2BF8B4DD00460C8A /* comfortaa.ttf */,
				B3D357202BF8B80600460C8A /* ARCO.ttf */,
				B36859FC2BF8BAB30076986F /* arco.otf */,
			);
			path = Font;
			sourceTree = "<group>";
		};
		B3F63E1B2BF7A20900B242F6 = {
			isa = PBXGroup;
			children = (
				B3F63E262BF7A20900B242F6 /* PassThePasta */,
				B3F63E252BF7A20900B242F6 /* Products */,
			);
			sourceTree = "<group>";
		};
		B3F63E252BF7A20900B242F6 /* Products */ = {
			isa = PBXGroup;
			children = (
				B3F63E242BF7A20900B242F6 /* PassThePasta.app */,
			);
			name = Products;
			sourceTree = "<group>";
		};
		B3F63E262BF7A20900B242F6 /* PassThePasta */ = {
			isa = PBXGroup;
			children = (
				B38FB2D12BFC7F350043060B /* Music */,
				B36859FE2BF8BFCE0076986F /* Struct */,
				B3D3571F2BF8B4EF00460C8A /* Info.plist */,
				B3D3571C2BF8B4C500460C8A /* Font */,
				B3F63E272BF7A20900B242F6 /* PassThePastaApp.swift */,
				B3F63E292BF7A20900B242F6 /* ContentView.swift */,
				B3F63E352BF7AFB500B242F6 /* View */,
				B3F63E2B2BF7A20A00B242F6 /* Assets.xcassets */,
				B3F63E2D2BF7A20A00B242F6 /* Preview Content */,
			);
			path = PassThePasta;
			sourceTree = "<group>";
		};
		B3F63E2D2BF7A20A00B242F6 /* Preview Content */ = {
			isa = PBXGroup;
			children = (
				B3F63E2E2BF7A20A00B242F6 /* Preview Assets.xcassets */,
			);
			path = "Preview Content";
			sourceTree = "<group>";
		};
		B3F63E352BF7AFB500B242F6 /* View */ = {
			isa = PBXGroup;
			children = (
				B3F63E362BF7AFED00B242F6 /* StartPage.swift */,
				B3D357132BF7B56600460C8A /* TutorialStoryView.swift */,
				B3D357192BF7C18200460C8A /* GameplayView.swift */,
				B38FB2DE2BFDF67E0043060B /* LostScene.swift */,
				B38FB2E02BFDF9F30043060B /* Countdown.swift */,
				B38FB2E22BFDFA230043060B /* Misal.swift */,
				B38FB2E42BFE0A060043060B /* TutorialView.swift */,
				B38FB2E62BFF50C00043060B /* MainGameplay.swift */,
				B344CBC42BFFA06900C38241 /* WinScene.swift */,
			);
			path = View;
			sourceTree = "<group>";
		};
/* End PBXGroup section */

/* Begin PBXNativeTarget section */
		B3F63E232BF7A20900B242F6 /* PassThePasta */ = {
			isa = PBXNativeTarget;
			buildConfigurationList = B3F63E322BF7A20A00B242F6 /* Build configuration list for PBXNativeTarget "PassThePasta" */;
			buildPhases = (
				B3F63E202BF7A20900B242F6 /* Sources */,
				B3F63E212BF7A20900B242F6 /* Frameworks */,
				B3F63E222BF7A20900B242F6 /* Resources */,
			);
			buildRules = (
			);
			dependencies = (
			);
			name = PassThePasta;
			productName = PassThePasta;
			productReference = B3F63E242BF7A20900B242F6 /* PassThePasta.app */;
			productType = "com.apple.product-type.application";
		};
/* End PBXNativeTarget section */

/* Begin PBXProject section */
		B3F63E1C2BF7A20900B242F6 /* Project object */ = {
			isa = PBXProject;
			attributes = {
				BuildIndependentTargetsInParallel = 1;
				LastSwiftUpdateCheck = 1530;
				LastUpgradeCheck = 1530;
				TargetAttributes = {
					B3F63E232BF7A20900B242F6 = {
						CreatedOnToolsVersion = 15.3;
					};
				};
			};
			buildConfigurationList = B3F63E1F2BF7A20900B242F6 /* Build configuration list for PBXProject "PassThePasta" */;
			compatibilityVersion = "Xcode 14.0";
			developmentRegion = en;
			hasScannedForEncodings = 0;
			knownRegions = (
				en,
				Base,
			);
			mainGroup = B3F63E1B2BF7A20900B242F6;
			productRefGroup = B3F63E252BF7A20900B242F6 /* Products */;
			projectDirPath = "";
			projectRoot = "";
			targets = (
				B3F63E232BF7A20900B242F6 /* PassThePasta */,
			);
		};
/* End PBXProject section */

/* Begin PBXResourcesBuildPhase section */
		B3F63E222BF7A20900B242F6 /* Resources */ = {
			isa = PBXResourcesBuildPhase;
			buildActionMask = 2147483647;
			files = (
				B344CBC12BFF786C00C38241 /* chefSpatSound.wav in Resources */,
				B3F63E2F2BF7A20A00B242F6 /* Preview Assets.xcassets in Resources */,
				B3D357212BF8B80600460C8A /* ARCO.ttf in Resources */,
				B344CBBF2BFF786000C38241 /* patsSound.wav in Resources */,
				B38FB2D52BFC8DD60043060B /* tutorialMusic.mp3 in Resources */,
				B3D3571E2BF8B4DD00460C8A /* comfortaa.ttf in Resources */,
				B36859FD2BF8BAB30076986F /* arco.otf in Resources */,
				B38FB2D32BFC7F500043060B /* backgroundMusic.mp3 in Resources */,
				B3F63E2C2BF7A20A00B242F6 /* Assets.xcassets in Resources */,
			);
			runOnlyForDeploymentPostprocessing = 0;
		};
/* End PBXResourcesBuildPhase section */

/* Begin PBXSourcesBuildPhase section */
		B3F63E202BF7A20900B242F6 /* Sources */ = {
			isa = PBXSourcesBuildPhase;
			buildActionMask = 2147483647;
			files = (
				B3F63E2A2BF7A20900B242F6 /* ContentView.swift in Sources */,
				B3685A042BFAF0200076986F /* BeaconManager.swift in Sources */,
				B38FB2E72BFF50C00043060B /* MainGameplay.swift in Sources */,
				B38FB2E32BFDFA230043060B /* Misal.swift in Sources */,
				B3D3571A2BF7C18200460C8A /* GameplayView.swift in Sources */,
				B3F63E372BF7AFED00B242F6 /* StartPage.swift in Sources */,
				B3685A262BFB1CD90076986F /* MotionManager.swift in Sources */,
				B344CBC52BFFA06900C38241 /* WinScene.swift in Sources */,
				B38FB2E12BFDF9F30043060B /* Countdown.swift in Sources */,
				B3685A002BF8BFF60076986F /* IntroConversation.swift in Sources */,
				B38FB2E52BFE0A060043060B /* TutorialView.swift in Sources */,
				B3D357142BF7B56600460C8A /* TutorialStoryView.swift in Sources */,
				B3685A022BF8C61E0076986F /* TypingTextView.swift in Sources */,
				B3F63E282BF7A20900B242F6 /* PassThePastaApp.swift in Sources */,
				B38FB2D72BFC95E10043060B /* SoundManager.swift in Sources */,
				B38FB2DF2BFDF67E0043060B /* LostScene.swift in Sources */,
				B38FB2D02BFC75850043060B /* MusicManager.swift in Sources */,
			);
			runOnlyForDeploymentPostprocessing = 0;
		};
/* End PBXSourcesBuildPhase section */

/* Begin XCBuildConfiguration section */
		B3F63E302BF7A20A00B242F6 /* Debug */ = {
			isa = XCBuildConfiguration;
			buildSettings = {
				ALWAYS_SEARCH_USER_PATHS = NO;
				ASSETCATALOG_COMPILER_GENERATE_SWIFT_ASSET_SYMBOL_EXTENSIONS = YES;
				CLANG_ANALYZER_NONNULL = YES;
				CLANG_ANALYZER_NUMBER_OBJECT_CONVERSION = YES_AGGRESSIVE;
				CLANG_CXX_LANGUAGE_STANDARD = "gnu++20";
				CLANG_ENABLE_MODULES = YES;
				CLANG_ENABLE_OBJC_ARC = YES;
				CLANG_ENABLE_OBJC_WEAK = YES;
				CLANG_WARN_BLOCK_CAPTURE_AUTORELEASING = YES;
				CLANG_WARN_BOOL_CONVERSION = YES;
				CLANG_WARN_COMMA = YES;
				CLANG_WARN_CONSTANT_CONVERSION = YES;
				CLANG_WARN_DEPRECATED_OBJC_IMPLEMENTATIONS = YES;
				CLANG_WARN_DIRECT_OBJC_ISA_USAGE = YES_ERROR;
				CLANG_WARN_DOCUMENTATION_COMMENTS = YES;
				CLANG_WARN_EMPTY_BODY = YES;
				CLANG_WARN_ENUM_CONVERSION = YES;
				CLANG_WARN_INFINITE_RECURSION = YES;
				CLANG_WARN_INT_CONVERSION = YES;
				CLANG_WARN_NON_LITERAL_NULL_CONVERSION = YES;
				CLANG_WARN_OBJC_IMPLICIT_RETAIN_SELF = YES;
				CLANG_WARN_OBJC_LITERAL_CONVERSION = YES;
				CLANG_WARN_OBJC_ROOT_CLASS = YES_ERROR;
				CLANG_WARN_QUOTED_INCLUDE_IN_FRAMEWORK_HEADER = YES;
				CLANG_WARN_RANGE_LOOP_ANALYSIS = YES;
				CLANG_WARN_STRICT_PROTOTYPES = YES;
				CLANG_WARN_SUSPICIOUS_MOVE = YES;
				CLANG_WARN_UNGUARDED_AVAILABILITY = YES_AGGRESSIVE;
				CLANG_WARN_UNREACHABLE_CODE = YES;
				CLANG_WARN__DUPLICATE_METHOD_MATCH = YES;
				COPY_PHASE_STRIP = NO;
				DEBUG_INFORMATION_FORMAT = dwarf;
				ENABLE_STRICT_OBJC_MSGSEND = YES;
				ENABLE_TESTABILITY = YES;
				ENABLE_USER_SCRIPT_SANDBOXING = YES;
				GCC_C_LANGUAGE_STANDARD = gnu17;
				GCC_DYNAMIC_NO_PIC = NO;
				GCC_NO_COMMON_BLOCKS = YES;
				GCC_OPTIMIZATION_LEVEL = 0;
				GCC_PREPROCESSOR_DEFINITIONS = (
					"DEBUG=1",
					"$(inherited)",
				);
				GCC_WARN_64_TO_32_BIT_CONVERSION = YES;
				GCC_WARN_ABOUT_RETURN_TYPE = YES_ERROR;
				GCC_WARN_UNDECLARED_SELECTOR = YES;
				GCC_WARN_UNINITIALIZED_AUTOS = YES_AGGRESSIVE;
				GCC_WARN_UNUSED_FUNCTION = YES;
				GCC_WARN_UNUSED_VARIABLE = YES;
				IPHONEOS_DEPLOYMENT_TARGET = 17.4;
				LOCALIZATION_PREFERS_STRING_CATALOGS = YES;
				MTL_ENABLE_DEBUG_INFO = INCLUDE_SOURCE;
				MTL_FAST_MATH = YES;
				ONLY_ACTIVE_ARCH = YES;
				SDKROOT = iphoneos;
				SWIFT_ACTIVE_COMPILATION_CONDITIONS = "DEBUG $(inherited)";
				SWIFT_OPTIMIZATION_LEVEL = "-Onone";
			};
			name = Debug;
		};
		B3F63E312BF7A20A00B242F6 /* Release */ = {
			isa = XCBuildConfiguration;
			buildSettings = {
				ALWAYS_SEARCH_USER_PATHS = NO;
				ASSETCATALOG_COMPILER_GENERATE_SWIFT_ASSET_SYMBOL_EXTENSIONS = YES;
				CLANG_ANALYZER_NONNULL = YES;
				CLANG_ANALYZER_NUMBER_OBJECT_CONVERSION = YES_AGGRESSIVE;
				CLANG_CXX_LANGUAGE_STANDARD = "gnu++20";
				CLANG_ENABLE_MODULES = YES;
				CLANG_ENABLE_OBJC_ARC = YES;
				CLANG_ENABLE_OBJC_WEAK = YES;
				CLANG_WARN_BLOCK_CAPTURE_AUTORELEASING = YES;
				CLANG_WARN_BOOL_CONVERSION = YES;
				CLANG_WARN_COMMA = YES;
				CLANG_WARN_CONSTANT_CONVERSION = YES;
				CLANG_WARN_DEPRECATED_OBJC_IMPLEMENTATIONS = YES;
				CLANG_WARN_DIRECT_OBJC_ISA_USAGE = YES_ERROR;
				CLANG_WARN_DOCUMENTATION_COMMENTS = YES;
				CLANG_WARN_EMPTY_BODY = YES;
				CLANG_WARN_ENUM_CONVERSION = YES;
				CLANG_WARN_INFINITE_RECURSION = YES;
				CLANG_WARN_INT_CONVERSION = YES;
				CLANG_WARN_NON_LITERAL_NULL_CONVERSION = YES;
				CLANG_WARN_OBJC_IMPLICIT_RETAIN_SELF = YES;
				CLANG_WARN_OBJC_LITERAL_CONVERSION = YES;
				CLANG_WARN_OBJC_ROOT_CLASS = YES_ERROR;
				CLANG_WARN_QUOTED_INCLUDE_IN_FRAMEWORK_HEADER = YES;
				CLANG_WARN_RANGE_LOOP_ANALYSIS = YES;
				CLANG_WARN_STRICT_PROTOTYPES = YES;
				CLANG_WARN_SUSPICIOUS_MOVE = YES;
				CLANG_WARN_UNGUARDED_AVAILABILITY = YES_AGGRESSIVE;
				CLANG_WARN_UNREACHABLE_CODE = YES;
				CLANG_WARN__DUPLICATE_METHOD_MATCH = YES;
				COPY_PHASE_STRIP = NO;
				DEBUG_INFORMATION_FORMAT = "dwarf-with-dsym";
				ENABLE_NS_ASSERTIONS = NO;
				ENABLE_STRICT_OBJC_MSGSEND = YES;
				ENABLE_USER_SCRIPT_SANDBOXING = YES;
				GCC_C_LANGUAGE_STANDARD = gnu17;
				GCC_NO_COMMON_BLOCKS = YES;
				GCC_WARN_64_TO_32_BIT_CONVERSION = YES;
				GCC_WARN_ABOUT_RETURN_TYPE = YES_ERROR;
				GCC_WARN_UNDECLARED_SELECTOR = YES;
				GCC_WARN_UNINITIALIZED_AUTOS = YES_AGGRESSIVE;
				GCC_WARN_UNUSED_FUNCTION = YES;
				GCC_WARN_UNUSED_VARIABLE = YES;
				IPHONEOS_DEPLOYMENT_TARGET = 17.4;
				LOCALIZATION_PREFERS_STRING_CATALOGS = YES;
				MTL_ENABLE_DEBUG_INFO = NO;
				MTL_FAST_MATH = YES;
				SDKROOT = iphoneos;
				SWIFT_COMPILATION_MODE = wholemodule;
				VALIDATE_PRODUCT = YES;
			};
			name = Release;
		};
		B3F63E332BF7A20A00B242F6 /* Debug */ = {
			isa = XCBuildConfiguration;
			buildSettings = {
				ASSETCATALOG_COMPILER_APPICON_NAME = AppIcon;
				ASSETCATALOG_COMPILER_GLOBAL_ACCENT_COLOR_NAME = AccentColor;
				CODE_SIGN_STYLE = Automatic;
				CURRENT_PROJECT_VERSION = 1;
				DEVELOPMENT_ASSET_PATHS = "\"PassThePasta/Preview Content\"";
				DEVELOPMENT_TEAM = HM8U4G6N9M;
				ENABLE_PREVIEWS = YES;
				GENERATE_INFOPLIST_FILE = YES;
				INFOPLIST_FILE = PassThePasta/Info.plist;
				INFOPLIST_KEY_NSLocationAlwaysAndWhenInUseUsageDescription = "Your app needs access to your location to provide personalized services even when the app is in the background.";
				INFOPLIST_KEY_NSLocationAlwaysUsageDescription = "Your app needs access to your location to provide personalized services when the app is in use.";
				INFOPLIST_KEY_NSLocationWhenInUseUsageDescription = "Your app needs access to your location to provide personalized services when the app is in use.";
				INFOPLIST_KEY_UIApplicationSceneManifest_Generation = YES;
				INFOPLIST_KEY_UIApplicationSupportsIndirectInputEvents = YES;
				INFOPLIST_KEY_UILaunchScreen_Generation = YES;
				INFOPLIST_KEY_UISupportedInterfaceOrientations = UIInterfaceOrientationLandscapeLeft;
				IPHONEOS_DEPLOYMENT_TARGET = 17.1;
				LD_RUNPATH_SEARCH_PATHS = (
					"$(inherited)",
					"@executable_path/Frameworks",
				);
				MARKETING_VERSION = 1.0;
				PRODUCT_BUNDLE_IDENTIFIER = ApDev.PassThePasta;
				PRODUCT_NAME = "$(TARGET_NAME)";
				SUPPORTED_PLATFORMS = "iphoneos iphonesimulator";
				SUPPORTS_MACCATALYST = NO;
				SWIFT_EMIT_LOC_STRINGS = YES;
				SWIFT_VERSION = 5.0;
				TARGETED_DEVICE_FAMILY = "1,2";
			};
			name = Debug;
		};
		B3F63E342BF7A20A00B242F6 /* Release */ = {
			isa = XCBuildConfiguration;
			buildSettings = {
				ASSETCATALOG_COMPILER_APPICON_NAME = AppIcon;
				ASSETCATALOG_COMPILER_GLOBAL_ACCENT_COLOR_NAME = AccentColor;
				CODE_SIGN_STYLE = Automatic;
				CURRENT_PROJECT_VERSION = 1;
				DEVELOPMENT_ASSET_PATHS = "\"PassThePasta/Preview Content\"";
				DEVELOPMENT_TEAM = HM8U4G6N9M;
				ENABLE_PREVIEWS = YES;
				GENERATE_INFOPLIST_FILE = YES;
				INFOPLIST_FILE = PassThePasta/Info.plist;
				INFOPLIST_KEY_NSLocationAlwaysAndWhenInUseUsageDescription = "Your app needs access to your location to provide personalized services even when the app is in the background.";
				INFOPLIST_KEY_NSLocationAlwaysUsageDescription = "Your app needs access to your location to provide personalized services when the app is in use.";
				INFOPLIST_KEY_NSLocationWhenInUseUsageDescription = "Your app needs access to your location to provide personalized services when the app is in use.";
				INFOPLIST_KEY_UIApplicationSceneManifest_Generation = YES;
				INFOPLIST_KEY_UIApplicationSupportsIndirectInputEvents = YES;
				INFOPLIST_KEY_UILaunchScreen_Generation = YES;
				INFOPLIST_KEY_UISupportedInterfaceOrientations = UIInterfaceOrientationLandscapeLeft;
				IPHONEOS_DEPLOYMENT_TARGET = 17.1;
				LD_RUNPATH_SEARCH_PATHS = (
					"$(inherited)",
					"@executable_path/Frameworks",
				);
				MARKETING_VERSION = 1.0;
				PRODUCT_BUNDLE_IDENTIFIER = ApDev.PassThePasta;
				PRODUCT_NAME = "$(TARGET_NAME)";
				SUPPORTED_PLATFORMS = "iphoneos iphonesimulator";
				SUPPORTS_MACCATALYST = NO;
				SWIFT_EMIT_LOC_STRINGS = YES;
				SWIFT_VERSION = 5.0;
				TARGETED_DEVICE_FAMILY = "1,2";
			};
			name = Release;
		};
/* End XCBuildConfiguration section */

/* Begin XCConfigurationList section */
		B3F63E1F2BF7A20900B242F6 /* Build configuration list for PBXProject "PassThePasta" */ = {
			isa = XCConfigurationList;
			buildConfigurations = (
				B3F63E302BF7A20A00B242F6 /* Debug */,
				B3F63E312BF7A20A00B242F6 /* Release */,
			);
			defaultConfigurationIsVisible = 0;
			defaultConfigurationName = Release;
		};
		B3F63E322BF7A20A00B242F6 /* Build configuration list for PBXNativeTarget "PassThePasta" */ = {
			isa = XCConfigurationList;
			buildConfigurations = (
				B3F63E332BF7A20A00B242F6 /* Debug */,
				B3F63E342BF7A20A00B242F6 /* Release */,
			);
			defaultConfigurationIsVisible = 0;
			defaultConfigurationName = Release;
		};
/* End XCConfigurationList section */
	};
	rootObject = B3F63E1C2BF7A20900B242F6 /* Project object */;
}
